
Microsoft Visual Studio Solution File, Format Version 12.00
# Visual Studio 15
VisualStudioVersion = 15.0.27130.2036
MinimumVisualStudioVersion = 10.0.40219.1
Project("{FAE04EC0-301F-11D3-BF4B-00C04F79EFBC}") = "GameOfThePatterns", "GameOfThePatterns\GameOfThePatterns.csproj", "{FB967643-1F3D-4C76-89D8-4581268FC4FC}"
EndProject
Global
	GlobalSection(SolutionConfigurationPlatforms) = preSolution
		Debug|Any CPU = Debug|Any CPU
		Release|Any CPU = Release|Any CPU
	EndGlobalSection
	GlobalSection(ProjectConfigurationPlatforms) = postSolution
		{FB967643-1F3D-4C76-89D8-4581268FC4FC}.Debug|Any CPU.ActiveCfg = Debug|Any CPU
		{FB967643-1F3D-4C76-89D8-4581268FC4FC}.Debug|Any CPU.Build.0 = Debug|Any CPU
		{FB967643-1F3D-4C76-89D8-4581268FC4FC}.Release|Any CPU.ActiveCfg = Release|Any CPU
		{FB967643-1F3D-4C76-89D8-4581268FC4FC}.Release|Any CPU.Build.0 = Release|Any CPU
	EndGlobalSection
	GlobalSection(SolutionProperties) = preSolution
		HideSolutionNode = FALSE
	EndGlobalSection
	GlobalSection(ExtensibilityGlobals) = postSolution
		SolutionGuid = {6E540028-FC7D-4E89-A9D7-BE5E54263F9D}
	EndGlobalSection
EndGlobal
